
Microsoft Visual Studio Solution File, Format Version 11.00
# Visual C# Express 2010
Project("{FAE04EC0-301F-11D3-BF4B-00C04F79EFBC}") = "ServerCLI", "ServerCLI\ServerCLI.csproj", "{EDDDA912-43A8-4ACE-A390-8FC2D67B8F90}"
	ProjectSection(ProjectDependencies) = postProject
		{825B48E9-D792-44B9-A68E-D0EBE817042C} = {825B48E9-D792-44B9-A68E-D0EBE817042C}
	EndProjectSection
EndProject
Project("{FAE04EC0-301F-11D3-BF4B-00C04F79EFBC}") = "ServerGUI", "ServerGUI\ServerGUI.csproj", "{823F5EB8-97BF-49E5-8C0F-DA8B7377D255}"
	ProjectSection(ProjectDependencies) = postProject
		{825B48E9-D792-44B9-A68E-D0EBE817042C} = {825B48E9-D792-44B9-A68E-D0EBE817042C}
	EndProjectSection
EndProject
Project("{FAE04EC0-301F-11D3-BF4B-00C04F79EFBC}") = "SpACraft", "SpACraft\SpACraft.csproj", "{825B48E9-D792-44B9-A68E-D0EBE817042C}"
EndProject
Project("{FAE04EC0-301F-11D3-BF4B-00C04F79EFBC}") = "SpACraftGUI", "SpACraftGUI\SpACraftGUI.csproj", "{365DD306-08FF-47DF-A38B-EAAE062FA3F7}"
EndProject
Project("{FAE04EC0-301F-11D3-BF4B-00C04F79EFBC}") = "ConfigGUI", "ConfigGUI\ConfigGUI.csproj", "{56448383-28D2-4C52-9CFB-C69E80ECCE28}"
EndProject
Global
	GlobalSection(SolutionConfigurationPlatforms) = preSolution
		Debug|Any CPU = Debug|Any CPU
		Debug|Mixed Platforms = Debug|Mixed Platforms
		Debug|x86 = Debug|x86
		Release|Any CPU = Release|Any CPU
		Release|Mixed Platforms = Release|Mixed Platforms
		Release|x86 = Release|x86
	EndGlobalSection
	GlobalSection(ProjectConfigurationPlatforms) = postSolution
		{EDDDA912-43A8-4ACE-A390-8FC2D67B8F90}.Debug|Any CPU.ActiveCfg = Debug|x86
		{EDDDA912-43A8-4ACE-A390-8FC2D67B8F90}.Debug|Mixed Platforms.ActiveCfg = Debug|x86
		{EDDDA912-43A8-4ACE-A390-8FC2D67B8F90}.Debug|Mixed Platforms.Build.0 = Debug|x86
		{EDDDA912-43A8-4ACE-A390-8FC2D67B8F90}.Debug|x86.ActiveCfg = Debug|x86
		{EDDDA912-43A8-4ACE-A390-8FC2D67B8F90}.Debug|x86.Build.0 = Debug|x86
		{EDDDA912-43A8-4ACE-A390-8FC2D67B8F90}.Release|Any CPU.ActiveCfg = Release|x86
		{EDDDA912-43A8-4ACE-A390-8FC2D67B8F90}.Release|Mixed Platforms.ActiveCfg = Release|x86
		{EDDDA912-43A8-4ACE-A390-8FC2D67B8F90}.Release|Mixed Platforms.Build.0 = Release|x86
		{EDDDA912-43A8-4ACE-A390-8FC2D67B8F90}.Release|x86.ActiveCfg = Release|x86
		{EDDDA912-43A8-4ACE-A390-8FC2D67B8F90}.Release|x86.Build.0 = Release|x86
		{823F5EB8-97BF-49E5-8C0F-DA8B7377D255}.Debug|Any CPU.ActiveCfg = Debug|x86
		{823F5EB8-97BF-49E5-8C0F-DA8B7377D255}.Debug|Mixed Platforms.ActiveCfg = Debug|x86
		{823F5EB8-97BF-49E5-8C0F-DA8B7377D255}.Debug|Mixed Platforms.Build.0 = Debug|x86
		{823F5EB8-97BF-49E5-8C0F-DA8B7377D255}.Debug|x86.ActiveCfg = Debug|x86
		{823F5EB8-97BF-49E5-8C0F-DA8B7377D255}.Debug|x86.Build.0 = Debug|x86
		{823F5EB8-97BF-49E5-8C0F-DA8B7377D255}.Release|Any CPU.ActiveCfg = Release|x86
		{823F5EB8-97BF-49E5-8C0F-DA8B7377D255}.Release|Mixed Platforms.ActiveCfg = Release|x86
		{823F5EB8-97BF-49E5-8C0F-DA8B7377D255}.Release|Mixed Platforms.Build.0 = Release|x86
		{823F5EB8-97BF-49E5-8C0F-DA8B7377D255}.Release|x86.ActiveCfg = Release|x86
		{823F5EB8-97BF-49E5-8C0F-DA8B7377D255}.Release|x86.Build.0 = Release|x86
		{825B48E9-D792-44B9-A68E-D0EBE817042C}.Debug|Any CPU.ActiveCfg = Debug|Any CPU
		{825B48E9-D792-44B9-A68E-D0EBE817042C}.Debug|Any CPU.Build.0 = Debug|Any CPU
		{825B48E9-D792-44B9-A68E-D0EBE817042C}.Debug|Mixed Platforms.ActiveCfg = Debug|Any CPU
		{825B48E9-D792-44B9-A68E-D0EBE817042C}.Debug|Mixed Platforms.Build.0 = Debug|Any CPU
		{825B48E9-D792-44B9-A68E-D0EBE817042C}.Debug|x86.ActiveCfg = Debug|Any CPU
		{825B48E9-D792-44B9-A68E-D0EBE817042C}.Release|Any CPU.ActiveCfg = Release|Any CPU
		{825B48E9-D792-44B9-A68E-D0EBE817042C}.Release|Any CPU.Build.0 = Release|Any CPU
		{825B48E9-D792-44B9-A68E-D0EBE817042C}.Release|Mixed Platforms.ActiveCfg = Release|Any CPU
		{825B48E9-D792-44B9-A68E-D0EBE817042C}.Release|Mixed Platforms.Build.0 = Release|Any CPU
		{825B48E9-D792-44B9-A68E-D0EBE817042C}.Release|x86.ActiveCfg = Release|Any CPU
		{365DD306-08FF-47DF-A38B-EAAE062FA3F7}.Debug|Any CPU.ActiveCfg = Debug|x86
		{365DD306-08FF-47DF-A38B-EAAE062FA3F7}.Debug|Mixed Platforms.ActiveCfg = Debug|x86
		{365DD306-08FF-47DF-A38B-EAAE062FA3F7}.Debug|Mixed Platforms.Build.0 = Debug|x86
		{365DD306-08FF-47DF-A38B-EAAE062FA3F7}.Debug|x86.ActiveCfg = Debug|x86
		{365DD306-08FF-47DF-A38B-EAAE062FA3F7}.Debug|x86.Build.0 = Debug|x86
		{365DD306-08FF-47DF-A38B-EAAE062FA3F7}.Release|Any CPU.ActiveCfg = Release|x86
		{365DD306-08FF-47DF-A38B-EAAE062FA3F7}.Release|Mixed Platforms.ActiveCfg = Release|x86
		{365DD306-08FF-47DF-A38B-EAAE062FA3F7}.Release|Mixed Platforms.Build.0 = Release|x86
		{365DD306-08FF-47DF-A38B-EAAE062FA3F7}.Release|x86.ActiveCfg = Release|x86
		{365DD306-08FF-47DF-A38B-EAAE062FA3F7}.Release|x86.Build.0 = Release|x86
		{56448383-28D2-4C52-9CFB-C69E80ECCE28}.Debug|Any CPU.ActiveCfg = Debug|x86
		{56448383-28D2-4C52-9CFB-C69E80ECCE28}.Debug|Mixed Platforms.ActiveCfg = Debug|x86
		{56448383-28D2-4C52-9CFB-C69E80ECCE28}.Debug|Mixed Platforms.Build.0 = Debug|x86
		{56448383-28D2-4C52-9CFB-C69E80ECCE28}.Debug|x86.ActiveCfg = Debug|x86
		{56448383-28D2-4C52-9CFB-C69E80ECCE28}.Debug|x86.Build.0 = Debug|x86
		{56448383-28D2-4C52-9CFB-C69E80ECCE28}.Release|Any CPU.ActiveCfg = Release|x86
		{56448383-28D2-4C52-9CFB-C69E80ECCE28}.Release|Mixed Platforms.ActiveCfg = Release|x86
		{56448383-28D2-4C52-9CFB-C69E80ECCE28}.Release|Mixed Platforms.Build.0 = Release|x86
		{56448383-28D2-4C52-9CFB-C69E80ECCE28}.Release|x86.ActiveCfg = Release|x86
		{56448383-28D2-4C52-9CFB-C69E80ECCE28}.Release|x86.Build.0 = Release|x86
	EndGlobalSection
	GlobalSection(SolutionProperties) = preSolution
		HideSolutionNode = FALSE
	EndGlobalSection
EndGlobal
